
Microsoft Visual Studio Solution File, Format Version 12.00
# Visual Studio Version 16
VisualStudioVersion = 16.0.29306.81
MinimumVisualStudioVersion = 10.0.40219.1
Project("{FAE04EC0-301F-11D3-BF4B-00C04F79EFBC}") = "WPF2021", "WPF2021\WPF2021.csproj", "{3126B239-9DBD-48AE-B16D-F8288A49AAD4}"
EndProject
Global
	GlobalSection(SolutionConfigurationPlatforms) = preSolution
		Debug|Any CPU = Debug|Any CPU
		Release|Any CPU = Release|Any CPU
	EndGlobalSection
	GlobalSection(ProjectConfigurationPlatforms) = postSolution
		{3126B239-9DBD-48AE-B16D-F8288A49AAD4}.Debug|Any CPU.ActiveCfg = Debug|Any CPU
		{3126B239-9DBD-48AE-B16D-F8288A49AAD4}.Debug|Any CPU.Build.0 = Debug|Any CPU
		{3126B239-9DBD-48AE-B16D-F8288A49AAD4}.Release|Any CPU.ActiveCfg = Release|Any CPU
		{3126B239-9DBD-48AE-B16D-F8288A49AAD4}.Release|Any CPU.Build.0 = Release|Any CPU
	EndGlobalSection
	GlobalSection(SolutionProperties) = preSolution
		HideSolutionNode = FALSE
	EndGlobalSection
	GlobalSection(ExtensibilityGlobals) = postSolution
		SolutionGuid = {1715EDF8-FCDC-4E95-A2C0-C1A02DE99FC2}
	EndGlobalSection
EndGlobal
